
Microsoft Visual Studio Solution File, Format Version 12.00
# Visual Studio 14
VisualStudioVersion = 14.0.25420.1
MinimumVisualStudioVersion = 10.0.40219.1
Project("{00D1A9C2-B5F0-4AF3-8072-F6C62B433612}") = "BestBooks", "BestBooks\BestBooks.sqlproj", "{1E3A0510-EC25-48C2-8762-CF251FCEF3CB}"
EndProject
Project("{00D1A9C2-B5F0-4AF3-8072-F6C62B433612}") = "BestBooks_Tests", "BestBooks_Tests\BestBooks_Tests.sqlproj", "{EA5FFD72-AB57-4D65-8798-025DDB0AF9EE}"
EndProject
Global
	GlobalSection(SolutionConfigurationPlatforms) = preSolution
		Debug|Any CPU = Debug|Any CPU
		Release|Any CPU = Release|Any CPU
	EndGlobalSection
	GlobalSection(ProjectConfigurationPlatforms) = postSolution
		{1E3A0510-EC25-48C2-8762-CF251FCEF3CB}.Debug|Any CPU.ActiveCfg = Debug|Any CPU
		{1E3A0510-EC25-48C2-8762-CF251FCEF3CB}.Debug|Any CPU.Build.0 = Debug|Any CPU
		{1E3A0510-EC25-48C2-8762-CF251FCEF3CB}.Debug|Any CPU.Deploy.0 = Debug|Any CPU
		{1E3A0510-EC25-48C2-8762-CF251FCEF3CB}.Release|Any CPU.ActiveCfg = Release|Any CPU
		{1E3A0510-EC25-48C2-8762-CF251FCEF3CB}.Release|Any CPU.Build.0 = Release|Any CPU
		{1E3A0510-EC25-48C2-8762-CF251FCEF3CB}.Release|Any CPU.Deploy.0 = Release|Any CPU
		{EA5FFD72-AB57-4D65-8798-025DDB0AF9EE}.Debug|Any CPU.ActiveCfg = Debug|Any CPU
		{EA5FFD72-AB57-4D65-8798-025DDB0AF9EE}.Debug|Any CPU.Build.0 = Debug|Any CPU
		{EA5FFD72-AB57-4D65-8798-025DDB0AF9EE}.Debug|Any CPU.Deploy.0 = Debug|Any CPU
		{EA5FFD72-AB57-4D65-8798-025DDB0AF9EE}.Release|Any CPU.ActiveCfg = Release|Any CPU
		{EA5FFD72-AB57-4D65-8798-025DDB0AF9EE}.Release|Any CPU.Build.0 = Release|Any CPU
		{EA5FFD72-AB57-4D65-8798-025DDB0AF9EE}.Release|Any CPU.Deploy.0 = Release|Any CPU
	EndGlobalSection
	GlobalSection(SolutionProperties) = preSolution
		HideSolutionNode = FALSE
	EndGlobalSection
EndGlobal
